
Microsoft Visual Studio Solution File, Format Version 12.00
# Visual Studio Version 16
VisualStudioVersion = 16.0.31005.135
MinimumVisualStudioVersion = 10.0.40219.1
Project("{9A19103F-16F7-4668-BE54-9A1E7A4F7556}") = "Entities", "Entities\Entities.csproj", "{AABA8EE1-46C7-48A3-9BA0-4568B37A186F}"
EndProject
Project("{9A19103F-16F7-4668-BE54-9A1E7A4F7556}") = "DataAccess", "DataAccess\DataAccess.csproj", "{CE4D9ED1-BC6B-4D4E-84DA-65D6E6AAFD55}"
EndProject
Project("{9A19103F-16F7-4668-BE54-9A1E7A4F7556}") = "Business", "Business\Business.csproj", "{B98D0947-52FA-43A9-879D-506AAF92B7B4}"
EndProject
Project("{9A19103F-16F7-4668-BE54-9A1E7A4F7556}") = "ConsoleUI", "ConsoleUI\ConsoleUI.csproj", "{D19F52DD-DA44-47D7-A866-B127562F90D7}"
EndProject
Project("{9A19103F-16F7-4668-BE54-9A1E7A4F7556}") = "Core", "Core\Core.csproj", "{BB57FB25-C9CB-4214-88AB-949823ED21B1}"
EndProject
Project("{9A19103F-16F7-4668-BE54-9A1E7A4F7556}") = "WebAPI", "WebAPI\WebAPI.csproj", "{B237B91E-9820-41CE-9B62-5E23AD242384}"
EndProject
Global
	GlobalSection(SolutionConfigurationPlatforms) = preSolution
		Debug|Any CPU = Debug|Any CPU
		Release|Any CPU = Release|Any CPU
	EndGlobalSection
	GlobalSection(ProjectConfigurationPlatforms) = postSolution
		{AABA8EE1-46C7-48A3-9BA0-4568B37A186F}.Debug|Any CPU.ActiveCfg = Debug|Any CPU
		{AABA8EE1-46C7-48A3-9BA0-4568B37A186F}.Debug|Any CPU.Build.0 = Debug|Any CPU
		{AABA8EE1-46C7-48A3-9BA0-4568B37A186F}.Release|Any CPU.ActiveCfg = Release|Any CPU
		{AABA8EE1-46C7-48A3-9BA0-4568B37A186F}.Release|Any CPU.Build.0 = Release|Any CPU
		{CE4D9ED1-BC6B-4D4E-84DA-65D6E6AAFD55}.Debug|Any CPU.ActiveCfg = Debug|Any CPU
		{CE4D9ED1-BC6B-4D4E-84DA-65D6E6AAFD55}.Debug|Any CPU.Build.0 = Debug|Any CPU
		{CE4D9ED1-BC6B-4D4E-84DA-65D6E6AAFD55}.Release|Any CPU.ActiveCfg = Release|Any CPU
		{CE4D9ED1-BC6B-4D4E-84DA-65D6E6AAFD55}.Release|Any CPU.Build.0 = Release|Any CPU
		{B98D0947-52FA-43A9-879D-506AAF92B7B4}.Debug|Any CPU.ActiveCfg = Debug|Any CPU
		{B98D0947-52FA-43A9-879D-506AAF92B7B4}.Debug|Any CPU.Build.0 = Debug|Any CPU
		{B98D0947-52FA-43A9-879D-506AAF92B7B4}.Release|Any CPU.ActiveCfg = Release|Any CPU
		{B98D0947-52FA-43A9-879D-506AAF92B7B4}.Release|Any CPU.Build.0 = Release|Any CPU
		{D19F52DD-DA44-47D7-A866-B127562F90D7}.Debug|Any CPU.ActiveCfg = Debug|Any CPU
		{D19F52DD-DA44-47D7-A866-B127562F90D7}.Debug|Any CPU.Build.0 = Debug|Any CPU
		{D19F52DD-DA44-47D7-A866-B127562F90D7}.Release|Any CPU.ActiveCfg = Release|Any CPU
		{D19F52DD-DA44-47D7-A866-B127562F90D7}.Release|Any CPU.Build.0 = Release|Any CPU
		{BB57FB25-C9CB-4214-88AB-949823ED21B1}.Debug|Any CPU.ActiveCfg = Debug|Any CPU
		{BB57FB25-C9CB-4214-88AB-949823ED21B1}.Debug|Any CPU.Build.0 = Debug|Any CPU
		{BB57FB25-C9CB-4214-88AB-949823ED21B1}.Release|Any CPU.ActiveCfg = Release|Any CPU
		{BB57FB25-C9CB-4214-88AB-949823ED21B1}.Release|Any CPU.Build.0 = Release|Any CPU
		{B237B91E-9820-41CE-9B62-5E23AD242384}.Debug|Any CPU.ActiveCfg = Debug|Any CPU
		{B237B91E-9820-41CE-9B62-5E23AD242384}.Debug|Any CPU.Build.0 = Debug|Any CPU
		{B237B91E-9820-41CE-9B62-5E23AD242384}.Release|Any CPU.ActiveCfg = Release|Any CPU
		{B237B91E-9820-41CE-9B62-5E23AD242384}.Release|Any CPU.Build.0 = Release|Any CPU
	EndGlobalSection
	GlobalSection(SolutionProperties) = preSolution
		HideSolutionNode = FALSE
	EndGlobalSection
	GlobalSection(ExtensibilityGlobals) = postSolution
		SolutionGuid = {C65F4A4A-1217-4B88-A4DC-E21D0989381E}
	EndGlobalSection
EndGlobal
